
Microsoft Visual Studio Solution File, Format Version 12.00
# Visual Studio Version 17
VisualStudioVersion = 17.11.35327.3
MinimumVisualStudioVersion = 10.0.40219.1
Project("{FAE04EC0-301F-11D3-BF4B-00C04F79EFBC}") = "Git_Testing", "Git_Testing.csproj", "{41309D91-8C94-4873-9B07-BA42F56F91D7}"
EndProject
Global
	GlobalSection(SolutionConfigurationPlatforms) = preSolution
		Debug|Any CPU = Debug|Any CPU
		Release|Any CPU = Release|Any CPU
	EndGlobalSection
	GlobalSection(ProjectConfigurationPlatforms) = postSolution
		{41309D91-8C94-4873-9B07-BA42F56F91D7}.Debug|Any CPU.ActiveCfg = Debug|Any CPU
		{41309D91-8C94-4873-9B07-BA42F56F91D7}.Debug|Any CPU.Build.0 = Debug|Any CPU
		{41309D91-8C94-4873-9B07-BA42F56F91D7}.Release|Any CPU.ActiveCfg = Release|Any CPU
		{41309D91-8C94-4873-9B07-BA42F56F91D7}.Release|Any CPU.Build.0 = Release|Any CPU
	EndGlobalSection
	GlobalSection(SolutionProperties) = preSolution
		HideSolutionNode = FALSE
	EndGlobalSection
	GlobalSection(ExtensibilityGlobals) = postSolution
		SolutionGuid = {D106CE21-C1E2-4CDE-AF93-B1F2412A4114}
	EndGlobalSection
EndGlobal
